
Microsoft Visual Studio Solution File, Format Version 12.00
# Visual Studio Version 16
VisualStudioVersion = 16.0.31313.79
MinimumVisualStudioVersion = 10.0.40219.1
Project("{FAE04EC0-301F-11D3-BF4B-00C04F79EFBC}") = "CodingQuestion", "CodingQuestion.csproj", "{119B52F8-B77E-4EFC-ADCF-171DCD3F35F4}"
EndProject
Global
	GlobalSection(SolutionConfigurationPlatforms) = preSolution
		Debug|Any CPU = Debug|Any CPU
		Release|Any CPU = Release|Any CPU
	EndGlobalSection
	GlobalSection(ProjectConfigurationPlatforms) = postSolution
		{119B52F8-B77E-4EFC-ADCF-171DCD3F35F4}.Debug|Any CPU.ActiveCfg = Debug|Any CPU
		{119B52F8-B77E-4EFC-ADCF-171DCD3F35F4}.Debug|Any CPU.Build.0 = Debug|Any CPU
		{119B52F8-B77E-4EFC-ADCF-171DCD3F35F4}.Release|Any CPU.ActiveCfg = Release|Any CPU
		{119B52F8-B77E-4EFC-ADCF-171DCD3F35F4}.Release|Any CPU.Build.0 = Release|Any CPU
	EndGlobalSection
	GlobalSection(SolutionProperties) = preSolution
		HideSolutionNode = FALSE
	EndGlobalSection
	GlobalSection(ExtensibilityGlobals) = postSolution
		SolutionGuid = {A138E11A-BDB9-45DE-8181-B4ACC71B2153}
	EndGlobalSection
EndGlobal
