
Microsoft Visual Studio Solution File, Format Version 12.00
# Visual Studio Version 16
VisualStudioVersion = 16.0.31313.79
MinimumVisualStudioVersion = 10.0.40219.1
Project("{FAE04EC0-301F-11D3-BF4B-00C04F79EFBC}") = "CSharp", "CSharp\CSharp.csproj", "{CD675837-1697-4FBB-BD7F-3070157EF0A5}"
EndProject
Global
	GlobalSection(SolutionConfigurationPlatforms) = preSolution
		Debug|Any CPU = Debug|Any CPU
		Release|Any CPU = Release|Any CPU
	EndGlobalSection
	GlobalSection(ProjectConfigurationPlatforms) = postSolution
		{CD675837-1697-4FBB-BD7F-3070157EF0A5}.Debug|Any CPU.ActiveCfg = Debug|Any CPU
		{CD675837-1697-4FBB-BD7F-3070157EF0A5}.Debug|Any CPU.Build.0 = Debug|Any CPU
		{CD675837-1697-4FBB-BD7F-3070157EF0A5}.Release|Any CPU.ActiveCfg = Release|Any CPU
		{CD675837-1697-4FBB-BD7F-3070157EF0A5}.Release|Any CPU.Build.0 = Release|Any CPU
	EndGlobalSection
	GlobalSection(SolutionProperties) = preSolution
		HideSolutionNode = FALSE
	EndGlobalSection
	GlobalSection(ExtensibilityGlobals) = postSolution
		SolutionGuid = {F75E6B78-23AA-423C-A163-AADE35451028}
	EndGlobalSection
EndGlobal
